
Microsoft Visual Studio Solution File, Format Version 12.00
# Visual Studio Version 16
VisualStudioVersion = 16.0.30711.63
MinimumVisualStudioVersion = 10.0.40219.1
Project("{FAE04EC0-301F-11D3-BF4B-00C04F79EFBC}") = "Bonsai.BrainFlow", "Bonsai.BrainFlow\Bonsai.BrainFlow.csproj", "{BEE2B6D0-95FA-4D6A-A1C6-5B77B3FF300E}"
EndProject
Global
	GlobalSection(SolutionConfigurationPlatforms) = preSolution
		Debug|Any CPU = Debug|Any CPU
		Release|Any CPU = Release|Any CPU
	EndGlobalSection
	GlobalSection(ProjectConfigurationPlatforms) = postSolution
		{BEE2B6D0-95FA-4D6A-A1C6-5B77B3FF300E}.Debug|Any CPU.ActiveCfg = Debug|Any CPU
		{BEE2B6D0-95FA-4D6A-A1C6-5B77B3FF300E}.Debug|Any CPU.Build.0 = Debug|Any CPU
		{BEE2B6D0-95FA-4D6A-A1C6-5B77B3FF300E}.Release|Any CPU.ActiveCfg = Release|Any CPU
		{BEE2B6D0-95FA-4D6A-A1C6-5B77B3FF300E}.Release|Any CPU.Build.0 = Release|Any CPU
	EndGlobalSection
	GlobalSection(SolutionProperties) = preSolution
		HideSolutionNode = FALSE
	EndGlobalSection
	GlobalSection(ExtensibilityGlobals) = postSolution
		SolutionGuid = {E14CAC0B-2C84-4382-977B-C0C6C73A41C1}
	EndGlobalSection
EndGlobal
